
Microsoft Visual Studio Solution File, Format Version 12.00
# Visual Studio Version 17
VisualStudioVersion = 17.4.33213.308
MinimumVisualStudioVersion = 10.0.40219.1
Project("{FAE04EC0-301F-11D3-BF4B-00C04F79EFBC}") = "Buoi3_2011060858_VoDuyPhuoc", "Buoi3_2011060858_VoDuyPhuoc\Buoi3_2011060858_VoDuyPhuoc.csproj", "{77C47C91-4FA9-4AAD-9221-9E1705866B1A}"
EndProject
Global
	GlobalSection(SolutionConfigurationPlatforms) = preSolution
		Debug|Any CPU = Debug|Any CPU
		Release|Any CPU = Release|Any CPU
	EndGlobalSection
	GlobalSection(ProjectConfigurationPlatforms) = postSolution
		{77C47C91-4FA9-4AAD-9221-9E1705866B1A}.Debug|Any CPU.ActiveCfg = Debug|Any CPU
		{77C47C91-4FA9-4AAD-9221-9E1705866B1A}.Debug|Any CPU.Build.0 = Debug|Any CPU
		{77C47C91-4FA9-4AAD-9221-9E1705866B1A}.Release|Any CPU.ActiveCfg = Release|Any CPU
		{77C47C91-4FA9-4AAD-9221-9E1705866B1A}.Release|Any CPU.Build.0 = Release|Any CPU
	EndGlobalSection
	GlobalSection(SolutionProperties) = preSolution
		HideSolutionNode = FALSE
	EndGlobalSection
	GlobalSection(ExtensibilityGlobals) = postSolution
		SolutionGuid = {F80F6D0E-0E10-4622-AFCA-1711764C9052}
	EndGlobalSection
EndGlobal
